
Microsoft Visual Studio Solution File, Format Version 12.00
# Visual Studio Version 16
VisualStudioVersion = 16.0.31321.278
MinimumVisualStudioVersion = 10.0.40219.1
Project("{FAE04EC0-301F-11D3-BF4B-00C04F79EFBC}") = "NumberOfIslands", "NumberOfIslands\NumberOfIslands.csproj", "{BBA5568B-81CC-4D58-957A-7E16ADD3120B}"
EndProject
Global
	GlobalSection(SolutionConfigurationPlatforms) = preSolution
		Debug|Any CPU = Debug|Any CPU
		Release|Any CPU = Release|Any CPU
	EndGlobalSection
	GlobalSection(ProjectConfigurationPlatforms) = postSolution
		{BBA5568B-81CC-4D58-957A-7E16ADD3120B}.Debug|Any CPU.ActiveCfg = Debug|Any CPU
		{BBA5568B-81CC-4D58-957A-7E16ADD3120B}.Debug|Any CPU.Build.0 = Debug|Any CPU
		{BBA5568B-81CC-4D58-957A-7E16ADD3120B}.Release|Any CPU.ActiveCfg = Release|Any CPU
		{BBA5568B-81CC-4D58-957A-7E16ADD3120B}.Release|Any CPU.Build.0 = Release|Any CPU
	EndGlobalSection
	GlobalSection(SolutionProperties) = preSolution
		HideSolutionNode = FALSE
	EndGlobalSection
	GlobalSection(ExtensibilityGlobals) = postSolution
		SolutionGuid = {F4ADC1F1-F814-496B-87D1-1C243AF5DB5D}
	EndGlobalSection
EndGlobal
